
Microsoft Visual Studio Solution File, Format Version 12.00
# Visual Studio 14
VisualStudioVersion = 14.0.24720.0
MinimumVisualStudioVersion = 10.0.40219.1
Project("{2150E333-8FDC-42A3-9474-1A3956D46DE8}") = "corebusiness", "corebusiness", "{EC616C34-E0F0-4B5A-822D-80C9581AD360}"
EndProject
Project("{2150E333-8FDC-42A3-9474-1A3956D46DE8}") = "framework", "framework", "{0138D6FD-A537-4E5A-B4E5-FBDE1AC10477}"
EndProject
Project("{FAE04EC0-301F-11D3-BF4B-00C04F79EFBC}") = "TicketSystem.Core", "TicketSystem.Core\TicketSystem.Core.csproj", "{6BBF3DB1-8499-4761-9F35-2DFC60E76259}"
EndProject
Project("{2150E333-8FDC-42A3-9474-1A3956D46DE8}") = "client", "client", "{D0FC5D75-3B27-4E44-80C7-5EC1261E5367}"
EndProject
Project("{FAE04EC0-301F-11D3-BF4B-00C04F79EFBC}") = "TicketClient", "TicketClient\TicketClient.csproj", "{8542F3FE-591D-4878-94B9-3355EC52635C}"
EndProject
Project("{2150E333-8FDC-42A3-9474-1A3956D46DE8}") = "tests", "tests", "{A943472A-4B4A-4B17-AB31-41EAEF4B0CAA}"
EndProject
Project("{FAE04EC0-301F-11D3-BF4B-00C04F79EFBC}") = "TicketSystem.Core.Tests", "TicketSystem.Core.Tests\TicketSystem.Core.Tests.csproj", "{35E5B9E5-BE2C-407C-A9AE-4FEF982A7A9C}"
EndProject
Project("{FAE04EC0-301F-11D3-BF4B-00C04F79EFBC}") = "TicketSystem.Message", "TicketSystem.Message\TicketSystem.Message.csproj", "{0E458FA9-79F8-49CD-AA79-2EDE9AFCA92E}"
EndProject
Project("{FAE04EC0-301F-11D3-BF4B-00C04F79EFBC}") = "TicketSystem.Redis", "TicketSystem.Redis\TicketSystem.Redis.csproj", "{42FE90CD-81FB-4A62-830E-15EBD921ABB1}"
EndProject
Project("{FAE04EC0-301F-11D3-BF4B-00C04F79EFBC}") = "TicketSystem.GlobalContext", "TicketSystem.ThreadManager\TicketSystem.GlobalContext.csproj", "{8B4CDBAA-3073-4082-A22B-2F3043496AFC}"
EndProject
Project("{2150E333-8FDC-42A3-9474-1A3956D46DE8}") = "server", "server", "{D6AF97A9-A9AB-4789-A953-63DC12237853}"
EndProject
Project("{FAE04EC0-301F-11D3-BF4B-00C04F79EFBC}") = "TicketSystem.Server", "TicketSystem.Server\TicketSystem.Server.csproj", "{9CC3582F-1098-4EFD-A39A-6BC5B9B4239D}"
EndProject
Project("{FAE04EC0-301F-11D3-BF4B-00C04F79EFBC}") = "TicketSystem.Retail", "TicketSystem.Retail\TicketSystem.Retail.csproj", "{773E8213-60AB-4643-8783-E2D9D58AAC23}"
EndProject
Project("{2150E333-8FDC-42A3-9474-1A3956D46DE8}") = "utils", "utils", "{6826CEB5-4AF3-42A6-8C1B-9041E3516FBE}"
EndProject
Project("{FAE04EC0-301F-11D3-BF4B-00C04F79EFBC}") = "TicketSystem.Utils", "TicketSystem.Utils\TicketSystem.Utils.csproj", "{157D5C74-91E7-4CF9-A68E-F065DF633689}"
EndProject
Project("{FAE04EC0-301F-11D3-BF4B-00C04F79EFBC}") = "TicketSystem.LogHelper", "TicketSystem.LogHelper\TicketSystem.LogHelper.csproj", "{55C3AE81-688A-4FA5-9649-396AEEC2676C}"
EndProject
Global
	GlobalSection(SolutionConfigurationPlatforms) = preSolution
		Debug|Any CPU = Debug|Any CPU
		Release|Any CPU = Release|Any CPU
	EndGlobalSection
	GlobalSection(ProjectConfigurationPlatforms) = postSolution
		{6BBF3DB1-8499-4761-9F35-2DFC60E76259}.Debug|Any CPU.ActiveCfg = Debug|Any CPU
		{6BBF3DB1-8499-4761-9F35-2DFC60E76259}.Debug|Any CPU.Build.0 = Debug|Any CPU
		{6BBF3DB1-8499-4761-9F35-2DFC60E76259}.Release|Any CPU.ActiveCfg = Release|Any CPU
		{6BBF3DB1-8499-4761-9F35-2DFC60E76259}.Release|Any CPU.Build.0 = Release|Any CPU
		{8542F3FE-591D-4878-94B9-3355EC52635C}.Debug|Any CPU.ActiveCfg = Debug|Any CPU
		{8542F3FE-591D-4878-94B9-3355EC52635C}.Debug|Any CPU.Build.0 = Debug|Any CPU
		{8542F3FE-591D-4878-94B9-3355EC52635C}.Release|Any CPU.ActiveCfg = Release|Any CPU
		{8542F3FE-591D-4878-94B9-3355EC52635C}.Release|Any CPU.Build.0 = Release|Any CPU
		{35E5B9E5-BE2C-407C-A9AE-4FEF982A7A9C}.Debug|Any CPU.ActiveCfg = Debug|Any CPU
		{35E5B9E5-BE2C-407C-A9AE-4FEF982A7A9C}.Debug|Any CPU.Build.0 = Debug|Any CPU
		{35E5B9E5-BE2C-407C-A9AE-4FEF982A7A9C}.Release|Any CPU.ActiveCfg = Release|Any CPU
		{35E5B9E5-BE2C-407C-A9AE-4FEF982A7A9C}.Release|Any CPU.Build.0 = Release|Any CPU
		{0E458FA9-79F8-49CD-AA79-2EDE9AFCA92E}.Debug|Any CPU.ActiveCfg = Debug|Any CPU
		{0E458FA9-79F8-49CD-AA79-2EDE9AFCA92E}.Debug|Any CPU.Build.0 = Debug|Any CPU
		{0E458FA9-79F8-49CD-AA79-2EDE9AFCA92E}.Release|Any CPU.ActiveCfg = Release|Any CPU
		{0E458FA9-79F8-49CD-AA79-2EDE9AFCA92E}.Release|Any CPU.Build.0 = Release|Any CPU
		{42FE90CD-81FB-4A62-830E-15EBD921ABB1}.Debug|Any CPU.ActiveCfg = Debug|Any CPU
		{42FE90CD-81FB-4A62-830E-15EBD921ABB1}.Debug|Any CPU.Build.0 = Debug|Any CPU
		{42FE90CD-81FB-4A62-830E-15EBD921ABB1}.Release|Any CPU.ActiveCfg = Release|Any CPU
		{42FE90CD-81FB-4A62-830E-15EBD921ABB1}.Release|Any CPU.Build.0 = Release|Any CPU
		{8B4CDBAA-3073-4082-A22B-2F3043496AFC}.Debug|Any CPU.ActiveCfg = Debug|Any CPU
		{8B4CDBAA-3073-4082-A22B-2F3043496AFC}.Debug|Any CPU.Build.0 = Debug|Any CPU
		{8B4CDBAA-3073-4082-A22B-2F3043496AFC}.Release|Any CPU.ActiveCfg = Release|Any CPU
		{8B4CDBAA-3073-4082-A22B-2F3043496AFC}.Release|Any CPU.Build.0 = Release|Any CPU
		{9CC3582F-1098-4EFD-A39A-6BC5B9B4239D}.Debug|Any CPU.ActiveCfg = Debug|Any CPU
		{9CC3582F-1098-4EFD-A39A-6BC5B9B4239D}.Debug|Any CPU.Build.0 = Debug|Any CPU
		{9CC3582F-1098-4EFD-A39A-6BC5B9B4239D}.Release|Any CPU.ActiveCfg = Release|Any CPU
		{9CC3582F-1098-4EFD-A39A-6BC5B9B4239D}.Release|Any CPU.Build.0 = Release|Any CPU
		{773E8213-60AB-4643-8783-E2D9D58AAC23}.Debug|Any CPU.ActiveCfg = Debug|Any CPU
		{773E8213-60AB-4643-8783-E2D9D58AAC23}.Debug|Any CPU.Build.0 = Debug|Any CPU
		{773E8213-60AB-4643-8783-E2D9D58AAC23}.Release|Any CPU.ActiveCfg = Release|Any CPU
		{773E8213-60AB-4643-8783-E2D9D58AAC23}.Release|Any CPU.Build.0 = Release|Any CPU
		{157D5C74-91E7-4CF9-A68E-F065DF633689}.Debug|Any CPU.ActiveCfg = Debug|Any CPU
		{157D5C74-91E7-4CF9-A68E-F065DF633689}.Debug|Any CPU.Build.0 = Debug|Any CPU
		{157D5C74-91E7-4CF9-A68E-F065DF633689}.Release|Any CPU.ActiveCfg = Release|Any CPU
		{157D5C74-91E7-4CF9-A68E-F065DF633689}.Release|Any CPU.Build.0 = Release|Any CPU
		{55C3AE81-688A-4FA5-9649-396AEEC2676C}.Debug|Any CPU.ActiveCfg = Debug|Any CPU
		{55C3AE81-688A-4FA5-9649-396AEEC2676C}.Debug|Any CPU.Build.0 = Debug|Any CPU
		{55C3AE81-688A-4FA5-9649-396AEEC2676C}.Release|Any CPU.ActiveCfg = Release|Any CPU
		{55C3AE81-688A-4FA5-9649-396AEEC2676C}.Release|Any CPU.Build.0 = Release|Any CPU
	EndGlobalSection
	GlobalSection(SolutionProperties) = preSolution
		HideSolutionNode = FALSE
	EndGlobalSection
	GlobalSection(NestedProjects) = preSolution
		{6BBF3DB1-8499-4761-9F35-2DFC60E76259} = {EC616C34-E0F0-4B5A-822D-80C9581AD360}
		{8542F3FE-591D-4878-94B9-3355EC52635C} = {D0FC5D75-3B27-4E44-80C7-5EC1261E5367}
		{35E5B9E5-BE2C-407C-A9AE-4FEF982A7A9C} = {A943472A-4B4A-4B17-AB31-41EAEF4B0CAA}
		{0E458FA9-79F8-49CD-AA79-2EDE9AFCA92E} = {0138D6FD-A537-4E5A-B4E5-FBDE1AC10477}
		{42FE90CD-81FB-4A62-830E-15EBD921ABB1} = {0138D6FD-A537-4E5A-B4E5-FBDE1AC10477}
		{8B4CDBAA-3073-4082-A22B-2F3043496AFC} = {0138D6FD-A537-4E5A-B4E5-FBDE1AC10477}
		{9CC3582F-1098-4EFD-A39A-6BC5B9B4239D} = {D6AF97A9-A9AB-4789-A953-63DC12237853}
		{773E8213-60AB-4643-8783-E2D9D58AAC23} = {EC616C34-E0F0-4B5A-822D-80C9581AD360}
		{157D5C74-91E7-4CF9-A68E-F065DF633689} = {6826CEB5-4AF3-42A6-8C1B-9041E3516FBE}
		{55C3AE81-688A-4FA5-9649-396AEEC2676C} = {0138D6FD-A537-4E5A-B4E5-FBDE1AC10477}
	EndGlobalSection
EndGlobal
